{
  "name": "social-network-API",
  "version": "1.0.0",
  "lockfileVersion": 2,
  "requires": true,
  "author": "",
  "description": "",
  "keywords": [],
  "license": "ISC",
  "main": "server.js",
  "packages": {},
  "devDependencies": {
    "nodemon": "^2.0.3"
  },
  "scripts": {
    "start": "node server.js",
    "watch": "nodemon"
  }
}
